// !$*UTF8*$!
{
	archiveVersion = 1;
	classes = {
	};
	objectVersion = 55;
	objects = {

/* Begin PBXBuildFile section */
		7BDBA13527052D7E001AF143 /* RetryApp.swift in Sources */ = {isa = PBXBuildFile; fileRef = 7BDBA13427052D7E001AF143 /* RetryApp.swift */; };
		7BDBA13727052D7E001AF143 /* ContentView.swift in Sources */ = {isa = PBXBuildFile; fileRef = 7BDBA13627052D7E001AF143 /* ContentView.swift */; };
		7BDBA13927052D7F001AF143 /* Assets.xcassets in Resources */ = {isa = PBXBuildFile; fileRef = 7BDBA13827052D7F001AF143 /* Assets.xcassets */; };
		7BDBA13C27052D7F001AF143 /* Preview Assets.xcassets in Resources */ = {isa = PBXBuildFile; fileRef = 7BDBA13B27052D7F001AF143 /* Preview Assets.xcassets */; };
		7BDBA14627052D7F001AF143 /* RetryTests.swift in Sources */ = {isa = PBXBuildFile; fileRef = 7BDBA14527052D7F001AF143 /* RetryTests.swift */; };
		7BDBA15027052D80001AF143 /* RetryUITests.swift in Sources */ = {isa = PBXBuildFile; fileRef = 7BDBA14F27052D80001AF143 /* RetryUITests.swift */; };
		7BDBA15227052D80001AF143 /* RetryUITestsLaunchTests.swift in Sources */ = {isa = PBXBuildFile; fileRef = 7BDBA15127052D80001AF143 /* RetryUITestsLaunchTests.swift */; };
/* End PBXBuildFile section */

/* Begin PBXContainerItemProxy section */
		7BDBA14227052D7F001AF143 /* PBXContainerItemProxy */ = {
			isa = PBXContainerItemProxy;
			containerPortal = 7BDBA12927052D7E001AF143 /* Project object */;
			proxyType = 1;
			remoteGlobalIDString = 7BDBA13027052D7E001AF143;
			remoteInfo = Retry;
		};
		7BDBA14C27052D7F001AF143 /* PBXContainerItemProxy */ = {
			isa = PBXContainerItemProxy;
			containerPortal = 7BDBA12927052D7E001AF143 /* Project object */;
			proxyType = 1;
			remoteGlobalIDString = 7BDBA13027052D7E001AF143;
			remoteInfo = Retry;
		};
/* End PBXContainerItemProxy section */

/* Begin PBXFileReference section */
		7BDBA13127052D7E001AF143 /* Retry.app */ = {isa = PBXFileReference; explicitFileType = wrapper.application; includeInIndex = 0; path = Retry.app; sourceTree = BUILT_PRODUCTS_DIR; };
		7BDBA13427052D7E001AF143 /* RetryApp.swift */ = {isa = PBXFileReference; lastKnownFileType = sourcecode.swift; path = RetryApp.swift; sourceTree = "<group>"; };
		7BDBA13627052D7E001AF143 /* ContentView.swift */ = {isa = PBXFileReference; lastKnownFileType = sourcecode.swift; path = ContentView.swift; sourceTree = "<group>"; };
		7BDBA13827052D7F001AF143 /* Assets.xcassets */ = {isa = PBXFileReference; lastKnownFileType = folder.assetcatalog; path = Assets.xcassets; sourceTree = "<group>"; };
		7BDBA13B27052D7F001AF143 /* Preview Assets.xcassets */ = {isa = PBXFileReference; lastKnownFileType = folder.assetcatalog; path = "Preview Assets.xcassets"; sourceTree = "<group>"; };
		7BDBA14127052D7F001AF143 /* RetryTests.xctest */ = {isa = PBXFileReference; explicitFileType = wrapper.cfbundle; includeInIndex = 0; path = RetryTests.xctest; sourceTree = BUILT_PRODUCTS_DIR; };
		7BDBA14527052D7F001AF143 /* RetryTests.swift */ = {isa = PBXFileReference; lastKnownFileType = sourcecode.swift; path = RetryTests.swift; sourceTree = "<group>"; };
		7BDBA14B27052D7F001AF143 /* RetryUITests.xctest */ = {isa = PBXFileReference; explicitFileType = wrapper.cfbundle; includeInIndex = 0; path = RetryUITests.xctest; sourceTree = BUILT_PRODUCTS_DIR; };
		7BDBA14F27052D80001AF143 /* RetryUITests.swift */ = {isa = PBXFileReference; lastKnownFileType = sourcecode.swift; path = RetryUITests.swift; sourceTree = "<group>"; };
		7BDBA15127052D80001AF143 /* RetryUITestsLaunchTests.swift */ = {isa = PBXFileReference; lastKnownFileType = sourcecode.swift; path = RetryUITestsLaunchTests.swift; sourceTree = "<group>"; };
/* End PBXFileReference section */

/* Begin PBXFrameworksBuildPhase section */
		7BDBA12E27052D7E001AF143 /* Frameworks */ = {
			isa = PBXFrameworksBuildPhase;
			buildActionMask = 2147483647;
			files = (
			);
			runOnlyForDeploymentPostprocessing = 0;
		};
		7BDBA13E27052D7F001AF143 /* Frameworks */ = {
			isa = PBXFrameworksBuildPhase;
			buildActionMask = 2147483647;
			files = (
			);
			runOnlyForDeploymentPostprocessing = 0;
		};
		7BDBA14827052D7F001AF143 /* Frameworks */ = {
			isa = PBXFrameworksBuildPhase;
			buildActionMask = 2147483647;
			files = (
			);
			runOnlyForDeploymentPostprocessing = 0;
		};
/* End PBXFrameworksBuildPhase section */

/* Begin PBXGroup section */
		7BDBA12827052D7E001AF143 = {
			isa = PBXGroup;
			children = (
				7BDBA13327052D7E001AF143 /* Retry */,
				7BDBA14427052D7F001AF143 /* RetryTests */,
				7BDBA14E27052D7F001AF143 /* RetryUITests */,
				7BDBA13227052D7E001AF143 /* Products */,
			);
			sourceTree = "<group>";
		};
		7BDBA13227052D7E001AF143 /* Products */ = {
			isa = PBXGroup;
			children = (
				7BDBA13127052D7E001AF143 /* Retry.app */,
				7BDBA14127052D7F001AF143 /* RetryTests.xctest */,
				7BDBA14B27052D7F001AF143 /* RetryUITests.xctest */,
			);
			name = Products;
			sourceTree = "<group>";
		};
		7BDBA13327052D7E001AF143 /* Retry */ = {
			isa = PBXGroup;
			children = (
				7BDBA13427052D7E001AF143 /* RetryApp.swift */,
				7BDBA13627052D7E001AF143 /* ContentView.swift */,
				7BDBA13827052D7F001AF143 /* Assets.xcassets */,
				7BDBA13A27052D7F001AF143 /* Preview Content */,
			);
			path = Retry;
			sourceTree = "<group>";
		};
		7BDBA13A27052D7F001AF143 /* Preview Content */ = {
			isa = PBXGroup;
			children = (
				7BDBA13B27052D7F001AF143 /* Preview Assets.xcassets */,
			);
			path = "Preview Content";
			sourceTree = "<group>";
		};
		7BDBA14427052D7F001AF143 /* RetryTests */ = {
			isa = PBXGroup;
			children = (
				7BDBA14527052D7F001AF143 /* RetryTests.swift */,
			);
			path = RetryTests;
			sourceTree = "<group>";
		};
		7BDBA14E27052D7F001AF143 /* RetryUITests */ = {
			isa = PBXGroup;
			children = (
				7BDBA14F27052D80001AF143 /* RetryUITests.swift */,
				7BDBA15127052D80001AF143 /* RetryUITestsLaunchTests.swift */,
			);
			path = RetryUITests;
			sourceTree = "<group>";
		};
/* End PBXGroup section */

/* Begin PBXNativeTarget section */
		7BDBA13027052D7E001AF143 /* Retry */ = {
			isa = PBXNativeTarget;
			buildConfigurationList = 7BDBA15527052D80001AF143 /* Build configuration list for PBXNativeTarget "Retry" */;
			buildPhases = (
				7BDBA12D27052D7E001AF143 /* Sources */,
				7BDBA12E27052D7E001AF143 /* Frameworks */,
				7BDBA12F27052D7E001AF143 /* Resources */,
			);
			buildRules = (
			);
			dependencies = (
			);
			name = Retry;
			productName = Retry;
			productReference = 7BDBA13127052D7E001AF143 /* Retry.app */;
			productType = "com.apple.product-type.application";
		};
		7BDBA14027052D7F001AF143 /* RetryTests */ = {
			isa = PBXNativeTarget;
			buildConfigurationList = 7BDBA15827052D80001AF143 /* Build configuration list for PBXNativeTarget "RetryTests" */;
			buildPhases = (
				7BDBA13D27052D7F001AF143 /* Sources */,
				7BDBA13E27052D7F001AF143 /* Frameworks */,
				7BDBA13F27052D7F001AF143 /* Resources */,
			);
			buildRules = (
			);
			dependencies = (
				7BDBA14327052D7F001AF143 /* PBXTargetDependency */,
			);
			name = RetryTests;
			productName = RetryTests;
			productReference = 7BDBA14127052D7F001AF143 /* RetryTests.xctest */;
			productType = "com.apple.product-type.bundle.unit-test";
		};
		7BDBA14A27052D7F001AF143 /* RetryUITests */ = {
			isa = PBXNativeTarget;
			buildConfigurationList = 7BDBA15B27052D80001AF143 /* Build configuration list for PBXNativeTarget "RetryUITests" */;
			buildPhases = (
				7BDBA14727052D7F001AF143 /* Sources */,
				7BDBA14827052D7F001AF143 /* Frameworks */,
				7BDBA14927052D7F001AF143 /* Resources */,
			);
			buildRules = (
			);
			dependencies = (
				7BDBA14D27052D7F001AF143 /* PBXTargetDependency */,
			);
			name = RetryUITests;
			productName = RetryUITests;
			productReference = 7BDBA14B27052D7F001AF143 /* RetryUITests.xctest */;
			productType = "com.apple.product-type.bundle.ui-testing";
		};
/* End PBXNativeTarget section */

/* Begin PBXProject section */
		7BDBA12927052D7E001AF143 /* Project object */ = {
			isa = PBXProject;
			attributes = {
				BuildIndependentTargetsInParallel = 1;
				LastSwiftUpdateCheck = 1300;
				LastUpgradeCheck = 1300;
				TargetAttributes = {
					7BDBA13027052D7E001AF143 = {
						CreatedOnToolsVersion = 13.0;
					};
					7BDBA14027052D7F001AF143 = {
						CreatedOnToolsVersion = 13.0;
						TestTargetID = 7BDBA13027052D7E001AF143;
					};
					7BDBA14A27052D7F001AF143 = {
						CreatedOnToolsVersion = 13.0;
						TestTargetID = 7BDBA13027052D7E001AF143;
					};
				};
			};
			buildConfigurationList = 7BDBA12C27052D7E001AF143 /* Build configuration list for PBXProject "Retry" */;
			compatibilityVersion = "Xcode 13.0";
			developmentRegion = en;
			hasScannedForEncodings = 0;
			knownRegions = (
				en,
				Base,
			);
			mainGroup = 7BDBA12827052D7E001AF143;
			productRefGroup = 7BDBA13227052D7E001AF143 /* Products */;
			projectDirPath = "";
			projectRoot = "";
			targets = (
				7BDBA13027052D7E001AF143 /* Retry */,
				7BDBA14027052D7F001AF143 /* RetryTests */,
				7BDBA14A27052D7F001AF143 /* RetryUITests */,
			);
		};
/* End PBXProject section */

/* Begin PBXResourcesBuildPhase section */
		7BDBA12F27052D7E001AF143 /* Resources */ = {
			isa = PBXResourcesBuildPhase;
			buildActionMask = 2147483647;
			files = (
				7BDBA13C27052D7F001AF143 /* Preview Assets.xcassets in Resources */,
				7BDBA13927052D7F001AF143 /* Assets.xcassets in Resources */,
			);
			runOnlyForDeploymentPostprocessing = 0;
		};
		7BDBA13F27052D7F001AF143 /* Resources */ = {
			isa = PBXResourcesBuildPhase;
			buildActionMask = 2147483647;
			files = (
			);
			runOnlyForDeploymentPostprocessing = 0;
		};
		7BDBA14927052D7F001AF143 /* Resources */ = {
			isa = PBXResourcesBuildPhase;
			buildActionMask = 2147483647;
			files = (
			);
			runOnlyForDeploymentPostprocessing = 0;
		};
/* End PBXResourcesBuildPhase section */

/* Begin PBXSourcesBuildPhase section */
		7BDBA12D27052D7E001AF143 /* Sources */ = {
			isa = PBXSourcesBuildPhase;
			buildActionMask = 2147483647;
			files = (
				7BDBA13727052D7E001AF143 /* ContentView.swift in Sources */,
				7BDBA13527052D7E001AF143 /* RetryApp.swift in Sources */,
			);
			runOnlyForDeploymentPostprocessing = 0;
		};
		7BDBA13D27052D7F001AF143 /* Sources */ = {
			isa = PBXSourcesBuildPhase;
			buildActionMask = 2147483647;
			files = (
				7BDBA14627052D7F001AF143 /* RetryTests.swift in Sources */,
			);
			runOnlyForDeploymentPostprocessing = 0;
		};
		7BDBA14727052D7F001AF143 /* Sources */ = {
			isa = PBXSourcesBuildPhase;
			buildActionMask = 2147483647;
			files = (
				7BDBA15027052D80001AF143 /* RetryUITests.swift in Sources */,
				7BDBA15227052D80001AF143 /* RetryUITestsLaunchTests.swift in Sources */,
			);
			runOnlyForDeploymentPostprocessing = 0;
		};
/* End PBXSourcesBuildPhase section */

/* Begin PBXTargetDependency section */
		7BDBA14327052D7F001AF143 /* PBXTargetDependency */ = {
			isa = PBXTargetDependency;
			target = 7BDBA13027052D7E001AF143 /* Retry */;
			targetProxy = 7BDBA14227052D7F001AF143 /* PBXContainerItemProxy */;
		};
		7BDBA14D27052D7F001AF143 /* PBXTargetDependency */ = {
			isa = PBXTargetDependency;
			target = 7BDBA13027052D7E001AF143 /* Retry */;
			targetProxy = 7BDBA14C27052D7F001AF143 /* PBXContainerItemProxy */;
		};
/* End PBXTargetDependency section */

/* Begin XCBuildConfiguration section */
		7BDBA15327052D80001AF143 /* Debug */ = {
			isa = XCBuildConfiguration;
			buildSettings = {
				ALWAYS_SEARCH_USER_PATHS = NO;
				CLANG_ANALYZER_NONNULL = YES;
				CLANG_ANALYZER_NUMBER_OBJECT_CONVERSION = YES_AGGRESSIVE;
				CLANG_CXX_LANGUAGE_STANDARD = "gnu++17";
				CLANG_CXX_LIBRARY = "libc++";
				CLANG_ENABLE_MODULES = YES;
				CLANG_ENABLE_OBJC_ARC = YES;
				CLANG_ENABLE_OBJC_WEAK = YES;
				CLANG_WARN_BLOCK_CAPTURE_AUTORELEASING = YES;
				CLANG_WARN_BOOL_CONVERSION = YES;
				CLANG_WARN_COMMA = YES;
				CLANG_WARN_CONSTANT_CONVERSION = YES;
				CLANG_WARN_DEPRECATED_OBJC_IMPLEMENTATIONS = YES;
				CLANG_WARN_DIRECT_OBJC_ISA_USAGE = YES_ERROR;
				CLANG_WARN_DOCUMENTATION_COMMENTS = YES;
				CLANG_WARN_EMPTY_BODY = YES;
				CLANG_WARN_ENUM_CONVERSION = YES;
				CLANG_WARN_INFINITE_RECURSION = YES;
				CLANG_WARN_INT_CONVERSION = YES;
				CLANG_WARN_NON_LITERAL_NULL_CONVERSION = YES;
				CLANG_WARN_OBJC_IMPLICIT_RETAIN_SELF = YES;
				CLANG_WARN_OBJC_LITERAL_CONVERSION = YES;
				CLANG_WARN_OBJC_ROOT_CLASS = YES_ERROR;
				CLANG_WARN_QUOTED_INCLUDE_IN_FRAMEWORK_HEADER = YES;
				CLANG_WARN_RANGE_LOOP_ANALYSIS = YES;
				CLANG_WARN_STRICT_PROTOTYPES = YES;
				CLANG_WARN_SUSPICIOUS_MOVE = YES;
				CLANG_WARN_UNGUARDED_AVAILABILITY = YES_AGGRESSIVE;
				CLANG_WARN_UNREACHABLE_CODE = YES;
				CLANG_WARN__DUPLICATE_METHOD_MATCH = YES;
				COPY_PHASE_STRIP = NO;
				DEBUG_INFORMATION_FORMAT = dwarf;
				ENABLE_STRICT_OBJC_MSGSEND = YES;
				ENABLE_TESTABILITY = YES;
				GCC_C_LANGUAGE_STANDARD = gnu11;
				GCC_DYNAMIC_NO_PIC = NO;
				GCC_NO_COMMON_BLOCKS = YES;
				GCC_OPTIMIZATION_LEVEL = 0;
				GCC_PREPROCESSOR_DEFINITIONS = (
					"DEBUG=1",
					"$(inherited)",
				);
				GCC_WARN_64_TO_32_BIT_CONVERSION = YES;
				GCC_WARN_ABOUT_RETURN_TYPE = YES_ERROR;
				GCC_WARN_UNDECLARED_SELECTOR = YES;
				GCC_WARN_UNINITIALIZED_AUTOS = YES_AGGRESSIVE;
				GCC_WARN_UNUSED_FUNCTION = YES;
				GCC_WARN_UNUSED_VARIABLE = YES;
				IPHONEOS_DEPLOYMENT_TARGET = 15.0;
				MTL_ENABLE_DEBUG_INFO = INCLUDE_SOURCE;
				MTL_FAST_MATH = YES;
				ONLY_ACTIVE_ARCH = YES;
				SDKROOT = iphoneos;
				SWIFT_ACTIVE_COMPILATION_CONDITIONS = DEBUG;
				SWIFT_OPTIMIZATION_LEVEL = "-Onone";
			};
			name = Debug;
		};
		7BDBA15427052D80001AF143 /* Release */ = {
			isa = XCBuildConfiguration;
			buildSettings = {
				ALWAYS_SEARCH_USER_PATHS = NO;
				CLANG_ANALYZER_NONNULL = YES;
				CLANG_ANALYZER_NUMBER_OBJECT_CONVERSION = YES_AGGRESSIVE;
				CLANG_CXX_LANGUAGE_STANDARD = "gnu++17";
				CLANG_CXX_LIBRARY = "libc++";
				CLANG_ENABLE_MODULES = YES;
				CLANG_ENABLE_OBJC_ARC = YES;
				CLANG_ENABLE_OBJC_WEAK = YES;
				CLANG_WARN_BLOCK_CAPTURE_AUTORELEASING = YES;
				CLANG_WARN_BOOL_CONVERSION = YES;
				CLANG_WARN_COMMA = YES;
				CLANG_WARN_CONSTANT_CONVERSION = YES;
				CLANG_WARN_DEPRECATED_OBJC_IMPLEMENTATIONS = YES;
				CLANG_WARN_DIRECT_OBJC_ISA_USAGE = YES_ERROR;
				CLANG_WARN_DOCUMENTATION_COMMENTS = YES;
				CLANG_WARN_EMPTY_BODY = YES;
				CLANG_WARN_ENUM_CONVERSION = YES;
				CLANG_WARN_INFINITE_RECURSION = YES;
				CLANG_WARN_INT_CONVERSION = YES;
				CLANG_WARN_NON_LITERAL_NULL_CONVERSION = YES;
				CLANG_WARN_OBJC_IMPLICIT_RETAIN_SELF = YES;
				CLANG_WARN_OBJC_LITERAL_CONVERSION = YES;
				CLANG_WARN_OBJC_ROOT_CLASS = YES_ERROR;
				CLANG_WARN_QUOTED_INCLUDE_IN_FRAMEWORK_HEADER = YES;
				CLANG_WARN_RANGE_LOOP_ANALYSIS = YES;
				CLANG_WARN_STRICT_PROTOTYPES = YES;
				CLANG_WARN_SUSPICIOUS_MOVE = YES;
				CLANG_WARN_UNGUARDED_AVAILABILITY = YES_AGGRESSIVE;
				CLANG_WARN_UNREACHABLE_CODE = YES;
				CLANG_WARN__DUPLICATE_METHOD_MATCH = YES;
				COPY_PHASE_STRIP = NO;
				DEBUG_INFORMATION_FORMAT = "dwarf-with-dsym";
				ENABLE_NS_ASSERTIONS = NO;
				ENABLE_STRICT_OBJC_MSGSEND = YES;
				GCC_C_LANGUAGE_STANDARD = gnu11;
				GCC_NO_COMMON_BLOCKS = YES;
				GCC_WARN_64_TO_32_BIT_CONVERSION = YES;
				GCC_WARN_ABOUT_RETURN_TYPE = YES_ERROR;
				GCC_WARN_UNDECLARED_SELECTOR = YES;
				GCC_WARN_UNINITIALIZED_AUTOS = YES_AGGRESSIVE;
				GCC_WARN_UNUSED_FUNCTION = YES;
				GCC_WARN_UNUSED_VARIABLE = YES;
				IPHONEOS_DEPLOYMENT_TARGET = 15.0;
				MTL_ENABLE_DEBUG_INFO = NO;
				MTL_FAST_MATH = YES;
				SDKROOT = iphoneos;
				SWIFT_COMPILATION_MODE = wholemodule;
				SWIFT_OPTIMIZATION_LEVEL = "-O";
				VALIDATE_PRODUCT = YES;
			};
			name = Release;
		};
		7BDBA15627052D80001AF143 /* Debug */ = {
			isa = XCBuildConfiguration;
			buildSettings = {
				ASSETCATALOG_COMPILER_APPICON_NAME = AppIcon;
				ASSETCATALOG_COMPILER_GLOBAL_ACCENT_COLOR_NAME = AccentColor;
				CODE_SIGN_STYLE = Automatic;
				CURRENT_PROJECT_VERSION = 1;
				DEVELOPMENT_ASSET_PATHS = "\"Retry/Preview Content\"";
				DEVELOPMENT_TEAM = 74V6ASRP4R;
				ENABLE_PREVIEWS = YES;
				GENERATE_INFOPLIST_FILE = YES;
				INFOPLIST_KEY_UIApplicationSceneManifest_Generation = YES;
				INFOPLIST_KEY_UIApplicationSupportsIndirectInputEvents = YES;
				INFOPLIST_KEY_UILaunchScreen_Generation = YES;
				INFOPLIST_KEY_UISupportedInterfaceOrientations_iPad = "UIInterfaceOrientationPortrait UIInterfaceOrientationPortraitUpsideDown UIInterfaceOrientationLandscapeLeft UIInterfaceOrientationLandscapeRight";
				INFOPLIST_KEY_UISupportedInterfaceOrientations_iPhone = "UIInterfaceOrientationPortrait UIInterfaceOrientationLandscapeLeft UIInterfaceOrientationLandscapeRight";
				IPHONEOS_DEPLOYMENT_TARGET = 14.0;
				LD_RUNPATH_SEARCH_PATHS = (
					"$(inherited)",
					"@executable_path/Frameworks",
				);
				MARKETING_VERSION = 1.0;
				PRODUCT_BUNDLE_IDENTIFIER = freelance.Retry;
				PRODUCT_NAME = "$(TARGET_NAME)";
				SWIFT_EMIT_LOC_STRINGS = YES;
				SWIFT_VERSION = 5.0;
				TARGETED_DEVICE_FAMILY = "1,2";
			};
			name = Debug;
		};
		7BDBA15727052D80001AF143 /* Release */ = {
			isa = XCBuildConfiguration;
			buildSettings = {
				ASSETCATALOG_COMPILER_APPICON_NAME = AppIcon;
				ASSETCATALOG_COMPILER_GLOBAL_ACCENT_COLOR_NAME = AccentColor;
				CODE_SIGN_STYLE = Automatic;
				CURRENT_PROJECT_VERSION = 1;
				DEVELOPMENT_ASSET_PATHS = "\"Retry/Preview Content\"";
				DEVELOPMENT_TEAM = 74V6ASRP4R;
				ENABLE_PREVIEWS = YES;
				GENERATE_INFOPLIST_FILE = YES;
				INFOPLIST_KEY_UIApplicationSceneManifest_Generation = YES;
				INFOPLIST_KEY_UIApplicationSupportsIndirectInputEvents = YES;
				INFOPLIST_KEY_UILaunchScreen_Generation = YES;
				INFOPLIST_KEY_UISupportedInterfaceOrientations_iPad = "UIInterfaceOrientationPortrait UIInterfaceOrientationPortraitUpsideDown UIInterfaceOrientationLandscapeLeft UIInterfaceOrientationLandscapeRight";
				INFOPLIST_KEY_UISupportedInterfaceOrientations_iPhone = "UIInterfaceOrientationPortrait UIInterfaceOrientationLandscapeLeft UIInterfaceOrientationLandscapeRight";
				IPHONEOS_DEPLOYMENT_TARGET = 14.0;
				LD_RUNPATH_SEARCH_PATHS = (
					"$(inherited)",
					"@executable_path/Frameworks",
				);
				MARKETING_VERSION = 1.0;
				PRODUCT_BUNDLE_IDENTIFIER = freelance.Retry;
				PRODUCT_NAME = "$(TARGET_NAME)";
				SWIFT_EMIT_LOC_STRINGS = YES;
				SWIFT_VERSION = 5.0;
				TARGETED_DEVICE_FAMILY = "1,2";
			};
			name = Release;
		};
		7BDBA15927052D80001AF143 /* Debug */ = {
			isa = XCBuildConfiguration;
			buildSettings = {
				ALWAYS_EMBED_SWIFT_STANDARD_LIBRARIES = YES;
				BUNDLE_LOADER = "$(TEST_HOST)";
				CODE_SIGN_STYLE = Automatic;
				CURRENT_PROJECT_VERSION = 1;
				DEVELOPMENT_TEAM = 74V6ASRP4R;
				GENERATE_INFOPLIST_FILE = YES;
				IPHONEOS_DEPLOYMENT_TARGET = 14.0;
				LD_RUNPATH_SEARCH_PATHS = (
					"$(inherited)",
					"@executable_path/Frameworks",
					"@loader_path/Frameworks",
				);
				MARKETING_VERSION = 1.0;
				PRODUCT_BUNDLE_IDENTIFIER = freelance.RetryTests;
				PRODUCT_NAME = "$(TARGET_NAME)";
				SWIFT_EMIT_LOC_STRINGS = NO;
				SWIFT_VERSION = 5.0;
				TARGETED_DEVICE_FAMILY = "1,2";
				TEST_HOST = "$(BUILT_PRODUCTS_DIR)/Retry.app/Retry";
			};
			name = Debug;
		};
		7BDBA15A27052D80001AF143 /* Release */ = {
			isa = XCBuildConfiguration;
			buildSettings = {
				ALWAYS_EMBED_SWIFT_STANDARD_LIBRARIES = YES;
				BUNDLE_LOADER = "$(TEST_HOST)";
				CODE_SIGN_STYLE = Automatic;
				CURRENT_PROJECT_VERSION = 1;
				DEVELOPMENT_TEAM = 74V6ASRP4R;
				GENERATE_INFOPLIST_FILE = YES;
				IPHONEOS_DEPLOYMENT_TARGET = 14.0;
				LD_RUNPATH_SEARCH_PATHS = (
					"$(inherited)",
					"@executable_path/Frameworks",
					"@loader_path/Frameworks",
				);
				MARKETING_VERSION = 1.0;
				PRODUCT_BUNDLE_IDENTIFIER = freelance.RetryTests;
				PRODUCT_NAME = "$(TARGET_NAME)";
				SWIFT_EMIT_LOC_STRINGS = NO;
				SWIFT_VERSION = 5.0;
				TARGETED_DEVICE_FAMILY = "1,2";
				TEST_HOST = "$(BUILT_PRODUCTS_DIR)/Retry.app/Retry";
			};
			name = Release;
		};
		7BDBA15C27052D80001AF143 /* Debug */ = {
			isa = XCBuildConfiguration;
			buildSettings = {
				ALWAYS_EMBED_SWIFT_STANDARD_LIBRARIES = YES;
				CODE_SIGN_STYLE = Automatic;
				CURRENT_PROJECT_VERSION = 1;
				DEVELOPMENT_TEAM = 74V6ASRP4R;
				GENERATE_INFOPLIST_FILE = YES;
				LD_RUNPATH_SEARCH_PATHS = (
					"$(inherited)",
					"@executable_path/Frameworks",
					"@loader_path/Frameworks",
				);
				MARKETING_VERSION = 1.0;
				PRODUCT_BUNDLE_IDENTIFIER = freelance.RetryUITests;
				PRODUCT_NAME = "$(TARGET_NAME)";
				SWIFT_EMIT_LOC_STRINGS = NO;
				SWIFT_VERSION = 5.0;
				TARGETED_DEVICE_FAMILY = "1,2";
				TEST_TARGET_NAME = Retry;
			};
			name = Debug;
		};
		7BDBA15D27052D80001AF143 /* Release */ = {
			isa = XCBuildConfiguration;
			buildSettings = {
				ALWAYS_EMBED_SWIFT_STANDARD_LIBRARIES = YES;
				CODE_SIGN_STYLE = Automatic;
				CURRENT_PROJECT_VERSION = 1;
				DEVELOPMENT_TEAM = 74V6ASRP4R;
				GENERATE_INFOPLIST_FILE = YES;
				LD_RUNPATH_SEARCH_PATHS = (
					"$(inherited)",
					"@executable_path/Frameworks",
					"@loader_path/Frameworks",
				);
				MARKETING_VERSION = 1.0;
				PRODUCT_BUNDLE_IDENTIFIER = freelance.RetryUITests;
				PRODUCT_NAME = "$(TARGET_NAME)";
				SWIFT_EMIT_LOC_STRINGS = NO;
				SWIFT_VERSION = 5.0;
				TARGETED_DEVICE_FAMILY = "1,2";
				TEST_TARGET_NAME = Retry;
			};
			name = Release;
		};
/* End XCBuildConfiguration section */

/* Begin XCConfigurationList section */
		7BDBA12C27052D7E001AF143 /* Build configuration list for PBXProject "Retry" */ = {
			isa = XCConfigurationList;
			buildConfigurations = (
				7BDBA15327052D80001AF143 /* Debug */,
				7BDBA15427052D80001AF143 /* Release */,
			);
			defaultConfigurationIsVisible = 0;
			defaultConfigurationName = Release;
		};
		7BDBA15527052D80001AF143 /* Build configuration list for PBXNativeTarget "Retry" */ = {
			isa = XCConfigurationList;
			buildConfigurations = (
				7BDBA15627052D80001AF143 /* Debug */,
				7BDBA15727052D80001AF143 /* Release */,
			);
			defaultConfigurationIsVisible = 0;
			defaultConfigurationName = Release;
		};
		7BDBA15827052D80001AF143 /* Build configuration list for PBXNativeTarget "RetryTests" */ = {
			isa = XCConfigurationList;
			buildConfigurations = (
				7BDBA15927052D80001AF143 /* Debug */,
				7BDBA15A27052D80001AF143 /* Release */,
			);
			defaultConfigurationIsVisible = 0;
			defaultConfigurationName = Release;
		};
		7BDBA15B27052D80001AF143 /* Build configuration list for PBXNativeTarget "RetryUITests" */ = {
			isa = XCConfigurationList;
			buildConfigurations = (
				7BDBA15C27052D80001AF143 /* Debug */,
				7BDBA15D27052D80001AF143 /* Release */,
			);
			defaultConfigurationIsVisible = 0;
			defaultConfigurationName = Release;
		};
/* End XCConfigurationList section */
	};
	rootObject = 7BDBA12927052D7E001AF143 /* Project object */;
}
